
Microsoft Visual Studio Solution File, Format Version 12.00
# Visual Studio Version 16
VisualStudioVersion = 16.0.31515.178
MinimumVisualStudioVersion = 10.0.40219.1
Project("{FAE04EC0-301F-11D3-BF4B-00C04F79EFBC}") = "PindahChart", "PindahChart\PindahChart.csproj", "{F6669843-3E62-4FCA-960D-6B635AFFE4CC}"
EndProject
Global
	GlobalSection(SolutionConfigurationPlatforms) = preSolution
		Debug|Any CPU = Debug|Any CPU
		Release|Any CPU = Release|Any CPU
	EndGlobalSection
	GlobalSection(ProjectConfigurationPlatforms) = postSolution
		{F6669843-3E62-4FCA-960D-6B635AFFE4CC}.Debug|Any CPU.ActiveCfg = Debug|Any CPU
		{F6669843-3E62-4FCA-960D-6B635AFFE4CC}.Debug|Any CPU.Build.0 = Debug|Any CPU
		{F6669843-3E62-4FCA-960D-6B635AFFE4CC}.Release|Any CPU.ActiveCfg = Release|Any CPU
		{F6669843-3E62-4FCA-960D-6B635AFFE4CC}.Release|Any CPU.Build.0 = Release|Any CPU
	EndGlobalSection
	GlobalSection(SolutionProperties) = preSolution
		HideSolutionNode = FALSE
	EndGlobalSection
	GlobalSection(ExtensibilityGlobals) = postSolution
		SolutionGuid = {AC8260AF-CFA3-4608-8B99-760F83C3D5D5}
	EndGlobalSection
EndGlobal
